
Microsoft Visual Studio Solution File, Format Version 12.00
# Visual Studio Version 17
VisualStudioVersion = 17.13.35931.197
MinimumVisualStudioVersion = 10.0.40219.1
Project("{FAE04EC0-301F-11D3-BF4B-00C04F79EFBC}") = "GdNet.Common", "GdNetCommon\GdNet.Common.csproj", "{5ABE9244-BB4F-4EB9-BED1-C1F4CB997DEF}"
EndProject
Project("{FAE04EC0-301F-11D3-BF4B-00C04F79EFBC}") = "GdNet.Common.Tests", "GdNetCommonTests\GdNet.Common.Tests.csproj", "{7169EEE1-5C9E-47F8-8E29-75812280B11B}"
EndProject
Global
	GlobalSection(SolutionConfigurationPlatforms) = preSolution
		Debug|Any CPU = Debug|Any CPU
		Release|Any CPU = Release|Any CPU
	EndGlobalSection
	GlobalSection(ProjectConfigurationPlatforms) = postSolution
		{5ABE9244-BB4F-4EB9-BED1-C1F4CB997DEF}.Debug|Any CPU.ActiveCfg = Debug|Any CPU
		{5ABE9244-BB4F-4EB9-BED1-C1F4CB997DEF}.Debug|Any CPU.Build.0 = Debug|Any CPU
		{5ABE9244-BB4F-4EB9-BED1-C1F4CB997DEF}.Release|Any CPU.ActiveCfg = Release|Any CPU
		{5ABE9244-BB4F-4EB9-BED1-C1F4CB997DEF}.Release|Any CPU.Build.0 = Release|Any CPU
		{7169EEE1-5C9E-47F8-8E29-75812280B11B}.Debug|Any CPU.ActiveCfg = Debug|Any CPU
		{7169EEE1-5C9E-47F8-8E29-75812280B11B}.Debug|Any CPU.Build.0 = Debug|Any CPU
		{7169EEE1-5C9E-47F8-8E29-75812280B11B}.Release|Any CPU.ActiveCfg = Release|Any CPU
		{7169EEE1-5C9E-47F8-8E29-75812280B11B}.Release|Any CPU.Build.0 = Release|Any CPU
	EndGlobalSection
	GlobalSection(SolutionProperties) = preSolution
		HideSolutionNode = FALSE
	EndGlobalSection
	GlobalSection(ExtensibilityGlobals) = postSolution
		SolutionGuid = {752A8C30-E0E9-4156-B4F0-7B3CE1D5965F}
	EndGlobalSection
EndGlobal
